# This file is automatically @generated by Cargo.
# It is not intended for manual editing.
version = 4

[[package]]
name = "hyprcollab-acp"
version = "0.1.0"

[[package]]
name = "hyprcollab-agent"
version = "0.1.0"

[[package]]
name = "hyprcollab-approval"
version = "0.1.0"

[[package]]
name = "hyprcollab-artifacts"
version = "0.1.0"

[[package]]
name = "hyprcollab-browser"
version = "0.1.0"

[[package]]
name = "hyprcollab-commands"
version = "0.1.0"

[[package]]
name = "hyprcollab-config"
version = "0.1.0"

[[package]]
name = "hyprcollab-core"
version = "0.1.0"

[[package]]
name = "hyprcollab-ext"
version = "0.1.0"

[[package]]
name = "hyprcollab-image"
version = "0.1.0"

[[package]]
name = "hyprcollab-lua"
version = "0.1.0"

[[package]]
name = "hyprcollab-marketplace"
version = "0.1.0"

[[package]]
name = "hyprcollab-mcp"
version = "0.1.0"

[[package]]
name = "hyprcollab-media-preview"
version = "0.1.0"

[[package]]
name = "hyprcollab-memory"
version = "0.1.0"

[[package]]
name = "hyprcollab-persona"
version = "0.1.0"

[[package]]
name = "hyprcollab-provider-anthropic"
version = "0.1.0"

[[package]]
name = "hyprcollab-provider-native"
version = "0.1.0"

[[package]]
name = "hyprcollab-provider-ollama"
version = "0.1.0"

[[package]]
name = "hyprcollab-provider-openai"
version = "0.1.0"

[[package]]
name = "hyprcollab-provider-openrouter"
version = "0.1.0"

[[package]]
name = "hyprcollab-pwa"
version = "0.1.0"

[[package]]
name = "hyprcollab-rag"
version = "0.1.0"

[[package]]
name = "hyprcollab-server"
version = "0.1.0"

[[package]]
name = "hyprcollab-skills"
version = "0.1.0"

[[package]]
name = "hyprcollab-tauri"
version = "0.1.0"

[[package]]
name = "hyprcollab-tools"
version = "0.1.0"

[[package]]
name = "hyprcollab-tui"
version = "0.1.0"

[[package]]
name = "hyprcollab-ui"
version = "0.1.0"

[[package]]
name = "hyprcollab-voice"
version = "0.1.0"
